// !$*UTF8*$!
{
	archiveVersion = 1;
	classes = {
	};
	objectVersion = 50;
	objects = {

/* Begin PBXBuildFile section */
		1D4925F625B57D2000EF50EA /* AppDelegate.swift in Sources */ = {isa = PBXBuildFile; fileRef = 1D4925F525B57D2000EF50EA /* AppDelegate.swift */; };
		1D4925F825B57D2000EF50EA /* SceneDelegate.swift in Sources */ = {isa = PBXBuildFile; fileRef = 1D4925F725B57D2000EF50EA /* SceneDelegate.swift */; };
		1D4925FA25B57D2000EF50EA /* MainViewController.swift in Sources */ = {isa = PBXBuildFile; fileRef = 1D4925F925B57D2000EF50EA /* MainViewController.swift */; };
		1D4925FD25B57D2000EF50EA /* Main.storyboard in Resources */ = {isa = PBXBuildFile; fileRef = 1D4925FB25B57D2000EF50EA /* Main.storyboard */; };
		1D4925FF25B57D2200EF50EA /* Assets.xcassets in Resources */ = {isa = PBXBuildFile; fileRef = 1D4925FE25B57D2200EF50EA /* Assets.xcassets */; };
		1D49260225B57D2200EF50EA /* LaunchScreen.storyboard in Resources */ = {isa = PBXBuildFile; fileRef = 1D49260025B57D2200EF50EA /* LaunchScreen.storyboard */; };
		1DBEA0B925B58B010077EC07 /* UIButton + Extension.swift in Sources */ = {isa = PBXBuildFile; fileRef = 1DBEA0B825B58B010077EC07 /* UIButton + Extension.swift */; };
		1DBEA0BD25B58BFC0077EC07 /* UserModel.swift in Sources */ = {isa = PBXBuildFile; fileRef = 1DBEA0BC25B58BFC0077EC07 /* UserModel.swift */; };
		1DBEA0C025B58C620077EC07 /* PostModel.swift in Sources */ = {isa = PBXBuildFile; fileRef = 1DBEA0BF25B58C610077EC07 /* PostModel.swift */; };
/* End PBXBuildFile section */

/* Begin PBXFileReference section */
		1D4925F225B57D2000EF50EA /* InstaSaver.app */ = {isa = PBXFileReference; explicitFileType = wrapper.application; includeInIndex = 0; path = InstaSaver.app; sourceTree = BUILT_PRODUCTS_DIR; };
		1D4925F525B57D2000EF50EA /* AppDelegate.swift */ = {isa = PBXFileReference; lastKnownFileType = sourcecode.swift; path = AppDelegate.swift; sourceTree = "<group>"; };
		1D4925F725B57D2000EF50EA /* SceneDelegate.swift */ = {isa = PBXFileReference; lastKnownFileType = sourcecode.swift; path = SceneDelegate.swift; sourceTree = "<group>"; };
		1D4925F925B57D2000EF50EA /* MainViewController.swift */ = {isa = PBXFileReference; lastKnownFileType = sourcecode.swift; path = MainViewController.swift; sourceTree = "<group>"; };
		1D4925FC25B57D2000EF50EA /* Base */ = {isa = PBXFileReference; lastKnownFileType = file.storyboard; name = Base; path = Base.lproj/Main.storyboard; sourceTree = "<group>"; };
		1D4925FE25B57D2200EF50EA /* Assets.xcassets */ = {isa = PBXFileReference; lastKnownFileType = folder.assetcatalog; path = Assets.xcassets; sourceTree = "<group>"; };
		1D49260125B57D2200EF50EA /* Base */ = {isa = PBXFileReference; lastKnownFileType = file.storyboard; name = Base; path = Base.lproj/LaunchScreen.storyboard; sourceTree = "<group>"; };
		1D49260325B57D2200EF50EA /* Info.plist */ = {isa = PBXFileReference; lastKnownFileType = text.plist.xml; path = Info.plist; sourceTree = "<group>"; };
		1DBEA0B825B58B010077EC07 /* UIButton + Extension.swift */ = {isa = PBXFileReference; lastKnownFileType = sourcecode.swift; path = "UIButton + Extension.swift"; sourceTree = "<group>"; };
		1DBEA0BC25B58BFC0077EC07 /* UserModel.swift */ = {isa = PBXFileReference; lastKnownFileType = sourcecode.swift; path = UserModel.swift; sourceTree = "<group>"; };
		1DBEA0BF25B58C610077EC07 /* PostModel.swift */ = {isa = PBXFileReference; lastKnownFileType = sourcecode.swift; path = PostModel.swift; sourceTree = "<group>"; };
/* End PBXFileReference section */

/* Begin PBXFrameworksBuildPhase section */
		1D4925EF25B57D2000EF50EA /* Frameworks */ = {
			isa = PBXFrameworksBuildPhase;
			buildActionMask = 2147483647;
			files = (
			);
			runOnlyForDeploymentPostprocessing = 0;
		};
/* End PBXFrameworksBuildPhase section */

/* Begin PBXGroup section */
		1D4925E925B57D2000EF50EA = {
			isa = PBXGroup;
			children = (
				1D4925F425B57D2000EF50EA /* InstaSaver */,
				1D4925F325B57D2000EF50EA /* Products */,
			);
			sourceTree = "<group>";
		};
		1D4925F325B57D2000EF50EA /* Products */ = {
			isa = PBXGroup;
			children = (
				1D4925F225B57D2000EF50EA /* InstaSaver.app */,
			);
			name = Products;
			sourceTree = "<group>";
		};
		1D4925F425B57D2000EF50EA /* InstaSaver */ = {
			isa = PBXGroup;
			children = (
				1D49261325B5848E00EF50EA /* Models */,
				1D49261425B584C500EF50EA /* Views */,
				1D49261525B584CE00EF50EA /* Controllers */,
				1D49261625B584DB00EF50EA /* SupportFiles */,
			);
			path = InstaSaver;
			sourceTree = "<group>";
		};
		1D49261325B5848E00EF50EA /* Models */ = {
			isa = PBXGroup;
			children = (
				1DBEA0BC25B58BFC0077EC07 /* UserModel.swift */,
				1DBEA0BF25B58C610077EC07 /* PostModel.swift */,
			);
			path = Models;
			sourceTree = "<group>";
		};
		1D49261425B584C500EF50EA /* Views */ = {
			isa = PBXGroup;
			children = (
				1D49260025B57D2200EF50EA /* LaunchScreen.storyboard */,
				1D4925FB25B57D2000EF50EA /* Main.storyboard */,
			);
			path = Views;
			sourceTree = "<group>";
		};
		1D49261525B584CE00EF50EA /* Controllers */ = {
			isa = PBXGroup;
			children = (
				1D4925F525B57D2000EF50EA /* AppDelegate.swift */,
				1D4925F725B57D2000EF50EA /* SceneDelegate.swift */,
				1D4925F925B57D2000EF50EA /* MainViewController.swift */,
			);
			path = Controllers;
			sourceTree = "<group>";
		};
		1D49261625B584DB00EF50EA /* SupportFiles */ = {
			isa = PBXGroup;
			children = (
				1DBEA0B725B58ADF0077EC07 /* Extensions */,
				1D4925FE25B57D2200EF50EA /* Assets.xcassets */,
				1D49260325B57D2200EF50EA /* Info.plist */,
			);
			path = SupportFiles;
			sourceTree = "<group>";
		};
		1DBEA0B725B58ADF0077EC07 /* Extensions */ = {
			isa = PBXGroup;
			children = (
				1DBEA0B825B58B010077EC07 /* UIButton + Extension.swift */,
			);
			path = Extensions;
			sourceTree = "<group>";
		};
/* End PBXGroup section */

/* Begin PBXNativeTarget section */
		1D4925F125B57D2000EF50EA /* InstaSaver */ = {
			isa = PBXNativeTarget;
			buildConfigurationList = 1D49260625B57D2200EF50EA /* Build configuration list for PBXNativeTarget "InstaSaver" */;
			buildPhases = (
				1D4925EE25B57D2000EF50EA /* Sources */,
				1D4925EF25B57D2000EF50EA /* Frameworks */,
				1D4925F025B57D2000EF50EA /* Resources */,
			);
			buildRules = (
			);
			dependencies = (
			);
			name = InstaSaver;
			productName = InstaSaver;
			productReference = 1D4925F225B57D2000EF50EA /* InstaSaver.app */;
			productType = "com.apple.product-type.application";
		};
/* End PBXNativeTarget section */

/* Begin PBXProject section */
		1D4925EA25B57D2000EF50EA /* Project object */ = {
			isa = PBXProject;
			attributes = {
				LastSwiftUpdateCheck = 1230;
				LastUpgradeCheck = 1230;
				TargetAttributes = {
					1D4925F125B57D2000EF50EA = {
						CreatedOnToolsVersion = 12.3;
					};
				};
			};
			buildConfigurationList = 1D4925ED25B57D2000EF50EA /* Build configuration list for PBXProject "InstaSaver" */;
			compatibilityVersion = "Xcode 9.3";
			developmentRegion = en;
			hasScannedForEncodings = 0;
			knownRegions = (
				en,
				Base,
			);
			mainGroup = 1D4925E925B57D2000EF50EA;
			productRefGroup = 1D4925F325B57D2000EF50EA /* Products */;
			projectDirPath = "";
			projectRoot = "";
			targets = (
				1D4925F125B57D2000EF50EA /* InstaSaver */,
			);
		};
/* End PBXProject section */

/* Begin PBXResourcesBuildPhase section */
		1D4925F025B57D2000EF50EA /* Resources */ = {
			isa = PBXResourcesBuildPhase;
			buildActionMask = 2147483647;
			files = (
				1D49260225B57D2200EF50EA /* LaunchScreen.storyboard in Resources */,
				1D4925FF25B57D2200EF50EA /* Assets.xcassets in Resources */,
				1D4925FD25B57D2000EF50EA /* Main.storyboard in Resources */,
			);
			runOnlyForDeploymentPostprocessing = 0;
		};
/* End PBXResourcesBuildPhase section */

/* Begin PBXSourcesBuildPhase section */
		1D4925EE25B57D2000EF50EA /* Sources */ = {
			isa = PBXSourcesBuildPhase;
			buildActionMask = 2147483647;
			files = (
				1D4925FA25B57D2000EF50EA /* MainViewController.swift in Sources */,
				1DBEA0C025B58C620077EC07 /* PostModel.swift in Sources */,
				1D4925F625B57D2000EF50EA /* AppDelegate.swift in Sources */,
				1D4925F825B57D2000EF50EA /* SceneDelegate.swift in Sources */,
				1DBEA0BD25B58BFC0077EC07 /* UserModel.swift in Sources */,
				1DBEA0B925B58B010077EC07 /* UIButton + Extension.swift in Sources */,
			);
			runOnlyForDeploymentPostprocessing = 0;
		};
/* End PBXSourcesBuildPhase section */

/* Begin PBXVariantGroup section */
		1D4925FB25B57D2000EF50EA /* Main.storyboard */ = {
			isa = PBXVariantGroup;
			children = (
				1D4925FC25B57D2000EF50EA /* Base */,
			);
			name = Main.storyboard;
			sourceTree = "<group>";
		};
		1D49260025B57D2200EF50EA /* LaunchScreen.storyboard */ = {
			isa = PBXVariantGroup;
			children = (
				1D49260125B57D2200EF50EA /* Base */,
			);
			name = LaunchScreen.storyboard;
			sourceTree = "<group>";
		};
/* End PBXVariantGroup section */

/* Begin XCBuildConfiguration section */
		1D49260425B57D2200EF50EA /* Debug */ = {
			isa = XCBuildConfiguration;
			buildSettings = {
				ALWAYS_SEARCH_USER_PATHS = NO;
				CLANG_ANALYZER_NONNULL = YES;
				CLANG_ANALYZER_NUMBER_OBJECT_CONVERSION = YES_AGGRESSIVE;
				CLANG_CXX_LANGUAGE_STANDARD = "gnu++14";
				CLANG_CXX_LIBRARY = "libc++";
				CLANG_ENABLE_MODULES = YES;
				CLANG_ENABLE_OBJC_ARC = YES;
				CLANG_ENABLE_OBJC_WEAK = YES;
				CLANG_WARN_BLOCK_CAPTURE_AUTORELEASING = YES;
				CLANG_WARN_BOOL_CONVERSION = YES;
				CLANG_WARN_COMMA = YES;
				CLANG_WARN_CONSTANT_CONVERSION = YES;
				CLANG_WARN_DEPRECATED_OBJC_IMPLEMENTATIONS = YES;
				CLANG_WARN_DIRECT_OBJC_ISA_USAGE = YES_ERROR;
				CLANG_WARN_DOCUMENTATION_COMMENTS = YES;
				CLANG_WARN_EMPTY_BODY = YES;
				CLANG_WARN_ENUM_CONVERSION = YES;
				CLANG_WARN_INFINITE_RECURSION = YES;
				CLANG_WARN_INT_CONVERSION = YES;
				CLANG_WARN_NON_LITERAL_NULL_CONVERSION = YES;
				CLANG_WARN_OBJC_IMPLICIT_RETAIN_SELF = YES;
				CLANG_WARN_OBJC_LITERAL_CONVERSION = YES;
				CLANG_WARN_OBJC_ROOT_CLASS = YES_ERROR;
				CLANG_WARN_QUOTED_INCLUDE_IN_FRAMEWORK_HEADER = YES;
				CLANG_WARN_RANGE_LOOP_ANALYSIS = YES;
				CLANG_WARN_STRICT_PROTOTYPES = YES;
				CLANG_WARN_SUSPICIOUS_MOVE = YES;
				CLANG_WARN_UNGUARDED_AVAILABILITY = YES_AGGRESSIVE;
				CLANG_WARN_UNREACHABLE_CODE = YES;
				CLANG_WARN__DUPLICATE_METHOD_MATCH = YES;
				COPY_PHASE_STRIP = NO;
				DEBUG_INFORMATION_FORMAT = dwarf;
				ENABLE_STRICT_OBJC_MSGSEND = YES;
				ENABLE_TESTABILITY = YES;
				GCC_C_LANGUAGE_STANDARD = gnu11;
				GCC_DYNAMIC_NO_PIC = NO;
				GCC_NO_COMMON_BLOCKS = YES;
				GCC_OPTIMIZATION_LEVEL = 0;
				GCC_PREPROCESSOR_DEFINITIONS = (
					"DEBUG=1",
					"$(inherited)",
				);
				GCC_WARN_64_TO_32_BIT_CONVERSION = YES;
				GCC_WARN_ABOUT_RETURN_TYPE = YES_ERROR;
				GCC_WARN_UNDECLARED_SELECTOR = YES;
				GCC_WARN_UNINITIALIZED_AUTOS = YES_AGGRESSIVE;
				GCC_WARN_UNUSED_FUNCTION = YES;
				GCC_WARN_UNUSED_VARIABLE = YES;
				IPHONEOS_DEPLOYMENT_TARGET = 14.3;
				MTL_ENABLE_DEBUG_INFO = INCLUDE_SOURCE;
				MTL_FAST_MATH = YES;
				ONLY_ACTIVE_ARCH = YES;
				SDKROOT = iphoneos;
				SWIFT_ACTIVE_COMPILATION_CONDITIONS = DEBUG;
				SWIFT_OPTIMIZATION_LEVEL = "-Onone";
			};
			name = Debug;
		};
		1D49260525B57D2200EF50EA /* Release */ = {
			isa = XCBuildConfiguration;
			buildSettings = {
				ALWAYS_SEARCH_USER_PATHS = NO;
				CLANG_ANALYZER_NONNULL = YES;
				CLANG_ANALYZER_NUMBER_OBJECT_CONVERSION = YES_AGGRESSIVE;
				CLANG_CXX_LANGUAGE_STANDARD = "gnu++14";
				CLANG_CXX_LIBRARY = "libc++";
				CLANG_ENABLE_MODULES = YES;
				CLANG_ENABLE_OBJC_ARC = YES;
				CLANG_ENABLE_OBJC_WEAK = YES;
				CLANG_WARN_BLOCK_CAPTURE_AUTORELEASING = YES;
				CLANG_WARN_BOOL_CONVERSION = YES;
				CLANG_WARN_COMMA = YES;
				CLANG_WARN_CONSTANT_CONVERSION = YES;
				CLANG_WARN_DEPRECATED_OBJC_IMPLEMENTATIONS = YES;
				CLANG_WARN_DIRECT_OBJC_ISA_USAGE = YES_ERROR;
				CLANG_WARN_DOCUMENTATION_COMMENTS = YES;
				CLANG_WARN_EMPTY_BODY = YES;
				CLANG_WARN_ENUM_CONVERSION = YES;
				CLANG_WARN_INFINITE_RECURSION = YES;
				CLANG_WARN_INT_CONVERSION = YES;
				CLANG_WARN_NON_LITERAL_NULL_CONVERSION = YES;
				CLANG_WARN_OBJC_IMPLICIT_RETAIN_SELF = YES;
				CLANG_WARN_OBJC_LITERAL_CONVERSION = YES;
				CLANG_WARN_OBJC_ROOT_CLASS = YES_ERROR;
				CLANG_WARN_QUOTED_INCLUDE_IN_FRAMEWORK_HEADER = YES;
				CLANG_WARN_RANGE_LOOP_ANALYSIS = YES;
				CLANG_WARN_STRICT_PROTOTYPES = YES;
				CLANG_WARN_SUSPICIOUS_MOVE = YES;
				CLANG_WARN_UNGUARDED_AVAILABILITY = YES_AGGRESSIVE;
				CLANG_WARN_UNREACHABLE_CODE = YES;
				CLANG_WARN__DUPLICATE_METHOD_MATCH = YES;
				COPY_PHASE_STRIP = NO;
				DEBUG_INFORMATION_FORMAT = "dwarf-with-dsym";
				ENABLE_NS_ASSERTIONS = NO;
				ENABLE_STRICT_OBJC_MSGSEND = YES;
				GCC_C_LANGUAGE_STANDARD = gnu11;
				GCC_NO_COMMON_BLOCKS = YES;
				GCC_WARN_64_TO_32_BIT_CONVERSION = YES;
				GCC_WARN_ABOUT_RETURN_TYPE = YES_ERROR;
				GCC_WARN_UNDECLARED_SELECTOR = YES;
				GCC_WARN_UNINITIALIZED_AUTOS = YES_AGGRESSIVE;
				GCC_WARN_UNUSED_FUNCTION = YES;
				GCC_WARN_UNUSED_VARIABLE = YES;
				IPHONEOS_DEPLOYMENT_TARGET = 14.3;
				MTL_ENABLE_DEBUG_INFO = NO;
				MTL_FAST_MATH = YES;
				SDKROOT = iphoneos;
				SWIFT_COMPILATION_MODE = wholemodule;
				SWIFT_OPTIMIZATION_LEVEL = "-O";
				VALIDATE_PRODUCT = YES;
			};
			name = Release;
		};
		1D49260725B57D2200EF50EA /* Debug */ = {
			isa = XCBuildConfiguration;
			buildSettings = {
				ASSETCATALOG_COMPILER_APPICON_NAME = AppIcon;
				ASSETCATALOG_COMPILER_GLOBAL_ACCENT_COLOR_NAME = AccentColor;
				CODE_SIGN_STYLE = Automatic;
				DEVELOPMENT_TEAM = 3RAD78J533;
				INFOPLIST_FILE = InstaSaver/SupportFiles/Info.plist;
				LD_RUNPATH_SEARCH_PATHS = (
					"$(inherited)",
					"@executable_path/Frameworks",
				);
				MARKETING_VERSION = 1.0.0;
				PRODUCT_BUNDLE_IDENTIFIER = vyacheslav.bakinskiy.InstaSaver;
				PRODUCT_NAME = "$(TARGET_NAME)";
				SWIFT_VERSION = 5.0;
				TARGETED_DEVICE_FAMILY = "1,2";
			};
			name = Debug;
		};
		1D49260825B57D2200EF50EA /* Release */ = {
			isa = XCBuildConfiguration;
			buildSettings = {
				ASSETCATALOG_COMPILER_APPICON_NAME = AppIcon;
				ASSETCATALOG_COMPILER_GLOBAL_ACCENT_COLOR_NAME = AccentColor;
				CODE_SIGN_STYLE = Automatic;
				DEVELOPMENT_TEAM = 3RAD78J533;
				INFOPLIST_FILE = InstaSaver/SupportFiles/Info.plist;
				LD_RUNPATH_SEARCH_PATHS = (
					"$(inherited)",
					"@executable_path/Frameworks",
				);
				MARKETING_VERSION = 1.0.0;
				PRODUCT_BUNDLE_IDENTIFIER = vyacheslav.bakinskiy.InstaSaver;
				PRODUCT_NAME = "$(TARGET_NAME)";
				SWIFT_VERSION = 5.0;
				TARGETED_DEVICE_FAMILY = "1,2";
			};
			name = Release;
		};
/* End XCBuildConfiguration section */

/* Begin XCConfigurationList section */
		1D4925ED25B57D2000EF50EA /* Build configuration list for PBXProject "InstaSaver" */ = {
			isa = XCConfigurationList;
			buildConfigurations = (
				1D49260425B57D2200EF50EA /* Debug */,
				1D49260525B57D2200EF50EA /* Release */,
			);
			defaultConfigurationIsVisible = 0;
			defaultConfigurationName = Release;
		};
		1D49260625B57D2200EF50EA /* Build configuration list for PBXNativeTarget "InstaSaver" */ = {
			isa = XCConfigurationList;
			buildConfigurations = (
				1D49260725B57D2200EF50EA /* Debug */,
				1D49260825B57D2200EF50EA /* Release */,
			);
			defaultConfigurationIsVisible = 0;
			defaultConfigurationName = Release;
		};
/* End XCConfigurationList section */
	};
	rootObject = 1D4925EA25B57D2000EF50EA /* Project object */;
}
